{
  "name": "@jonge/foo",
  "version": "1.0.0",
  "lockfileVersion": 1,
  "requires": true,
  "dependencies": {
    "@jonge/bar": {
      "version": "1.0.1-rc.1",
      "resolved": "http://0.0.0.0:4873/@jonge%2fbar/-/bar-1.0.1-rc.1.tgz",
      "integrity": "sha512-KXo05/IjQrqCVopC6elytF1a4TbH8qg+hzgWhCoZTIlgPSUimlso2jgb45wqhlLLhaY7un3w+6ACdeJzJVfE1A=="
    }
  }
}
